
Microsoft Visual Studio Solution File, Format Version 12.00
# Visual Studio Version 16
VisualStudioVersion = 16.0.29920.165
MinimumVisualStudioVersion = 10.0.40219.1
Project("{FAE04EC0-301F-11D3-BF4B-00C04F79EFBC}") = "MiCalculadora", "..\MiCalculadora\MiCalculadora.csproj", "{BF0F8BDD-C1CB-43A8-A574-16BD75834CE0}"
EndProject
Project("{FAE04EC0-301F-11D3-BF4B-00C04F79EFBC}") = "Entidades", "Entidades.csproj", "{BDBFE49B-A0AE-4B5D-B382-3B850A6C7369}"
EndProject
Global
	GlobalSection(SolutionConfigurationPlatforms) = preSolution
		Debug|Any CPU = Debug|Any CPU
		Release|Any CPU = Release|Any CPU
	EndGlobalSection
	GlobalSection(ProjectConfigurationPlatforms) = postSolution
		{BF0F8BDD-C1CB-43A8-A574-16BD75834CE0}.Debug|Any CPU.ActiveCfg = Debug|Any CPU
		{BF0F8BDD-C1CB-43A8-A574-16BD75834CE0}.Debug|Any CPU.Build.0 = Debug|Any CPU
		{BF0F8BDD-C1CB-43A8-A574-16BD75834CE0}.Release|Any CPU.ActiveCfg = Release|Any CPU
		{BF0F8BDD-C1CB-43A8-A574-16BD75834CE0}.Release|Any CPU.Build.0 = Release|Any CPU
		{BDBFE49B-A0AE-4B5D-B382-3B850A6C7369}.Debug|Any CPU.ActiveCfg = Debug|Any CPU
		{BDBFE49B-A0AE-4B5D-B382-3B850A6C7369}.Debug|Any CPU.Build.0 = Debug|Any CPU
		{BDBFE49B-A0AE-4B5D-B382-3B850A6C7369}.Release|Any CPU.ActiveCfg = Release|Any CPU
		{BDBFE49B-A0AE-4B5D-B382-3B850A6C7369}.Release|Any CPU.Build.0 = Release|Any CPU
	EndGlobalSection
	GlobalSection(SolutionProperties) = preSolution
		HideSolutionNode = FALSE
	EndGlobalSection
	GlobalSection(ExtensibilityGlobals) = postSolution
		SolutionGuid = {A36A719D-28DC-4AAC-BE2D-F02F1F4340A7}
	EndGlobalSection
EndGlobal
